# 1. Delete node_modules and any existing lock files
rm -rf node_modules package-lock.json

# 2. Install dependencies to generate package-lock.json
npm install

# 3. Add the lock file to git
git add package-lock.json

# 4. Commit the lock file
git commit -m "Add package-lock.json for dependency locking"

# 5. Push to repository
git push origin main
